
Microsoft Visual Studio Solution File, Format Version 12.00
# Visual Studio Version 16
VisualStudioVersion = 16.0.30011.22
MinimumVisualStudioVersion = 10.0.40219.1
Project("{FAE04EC0-301F-11D3-BF4B-00C04F79EFBC}") = "WeatherApp.Android", "WeatherApp.Android\WeatherApp.Android.csproj", "{D130804E-C94F-45FD-A475-F3F8B1A43DDA}"
EndProject
Project("{FAE04EC0-301F-11D3-BF4B-00C04F79EFBC}") = "WeatherApp.iOS", "WeatherApp.iOS\WeatherApp.iOS.csproj", "{5C7F7131-54CA-4CC7-B2C2-96126C4DA6C7}"
EndProject
Project("{FAE04EC0-301F-11D3-BF4B-00C04F79EFBC}") = "WeatherApp", "WeatherApp\WeatherApp.csproj", "{AE7584BD-1620-4295-832E-8541948D2B4A}"
EndProject
Global
	GlobalSection(SolutionConfigurationPlatforms) = preSolution
		Debug|Any CPU = Debug|Any CPU
		Debug|iPhone = Debug|iPhone
		Debug|iPhoneSimulator = Debug|iPhoneSimulator
		Release|Any CPU = Release|Any CPU
		Release|iPhone = Release|iPhone
		Release|iPhoneSimulator = Release|iPhoneSimulator
	EndGlobalSection
	GlobalSection(ProjectConfigurationPlatforms) = postSolution
		{D130804E-C94F-45FD-A475-F3F8B1A43DDA}.Debug|Any CPU.ActiveCfg = Debug|Any CPU
		{D130804E-C94F-45FD-A475-F3F8B1A43DDA}.Debug|Any CPU.Build.0 = Debug|Any CPU
		{D130804E-C94F-45FD-A475-F3F8B1A43DDA}.Debug|Any CPU.Deploy.0 = Debug|Any CPU
		{D130804E-C94F-45FD-A475-F3F8B1A43DDA}.Debug|iPhone.ActiveCfg = Debug|Any CPU
		{D130804E-C94F-45FD-A475-F3F8B1A43DDA}.Debug|iPhone.Build.0 = Debug|Any CPU
		{D130804E-C94F-45FD-A475-F3F8B1A43DDA}.Debug|iPhone.Deploy.0 = Debug|Any CPU
		{D130804E-C94F-45FD-A475-F3F8B1A43DDA}.Debug|iPhoneSimulator.ActiveCfg = Debug|Any CPU
		{D130804E-C94F-45FD-A475-F3F8B1A43DDA}.Debug|iPhoneSimulator.Build.0 = Debug|Any CPU
		{D130804E-C94F-45FD-A475-F3F8B1A43DDA}.Debug|iPhoneSimulator.Deploy.0 = Debug|Any CPU
		{D130804E-C94F-45FD-A475-F3F8B1A43DDA}.Release|Any CPU.ActiveCfg = Release|Any CPU
		{D130804E-C94F-45FD-A475-F3F8B1A43DDA}.Release|Any CPU.Build.0 = Release|Any CPU
		{D130804E-C94F-45FD-A475-F3F8B1A43DDA}.Release|Any CPU.Deploy.0 = Release|Any CPU
		{D130804E-C94F-45FD-A475-F3F8B1A43DDA}.Release|iPhone.ActiveCfg = Release|Any CPU
		{D130804E-C94F-45FD-A475-F3F8B1A43DDA}.Release|iPhone.Build.0 = Release|Any CPU
		{D130804E-C94F-45FD-A475-F3F8B1A43DDA}.Release|iPhone.Deploy.0 = Release|Any CPU
		{D130804E-C94F-45FD-A475-F3F8B1A43DDA}.Release|iPhoneSimulator.ActiveCfg = Release|Any CPU
		{D130804E-C94F-45FD-A475-F3F8B1A43DDA}.Release|iPhoneSimulator.Build.0 = Release|Any CPU
		{D130804E-C94F-45FD-A475-F3F8B1A43DDA}.Release|iPhoneSimulator.Deploy.0 = Release|Any CPU
		{5C7F7131-54CA-4CC7-B2C2-96126C4DA6C7}.Debug|Any CPU.ActiveCfg = Debug|iPhone
		{5C7F7131-54CA-4CC7-B2C2-96126C4DA6C7}.Debug|Any CPU.Build.0 = Debug|iPhone
		{5C7F7131-54CA-4CC7-B2C2-96126C4DA6C7}.Debug|Any CPU.Deploy.0 = Debug|iPhone
		{5C7F7131-54CA-4CC7-B2C2-96126C4DA6C7}.Debug|iPhone.ActiveCfg = Debug|iPhone
		{5C7F7131-54CA-4CC7-B2C2-96126C4DA6C7}.Debug|iPhone.Build.0 = Debug|iPhone
		{5C7F7131-54CA-4CC7-B2C2-96126C4DA6C7}.Debug|iPhone.Deploy.0 = Debug|iPhone
		{5C7F7131-54CA-4CC7-B2C2-96126C4DA6C7}.Debug|iPhoneSimulator.ActiveCfg = Debug|iPhoneSimulator
		{5C7F7131-54CA-4CC7-B2C2-96126C4DA6C7}.Debug|iPhoneSimulator.Build.0 = Debug|iPhoneSimulator
		{5C7F7131-54CA-4CC7-B2C2-96126C4DA6C7}.Debug|iPhoneSimulator.Deploy.0 = Debug|iPhoneSimulator
		{5C7F7131-54CA-4CC7-B2C2-96126C4DA6C7}.Release|Any CPU.ActiveCfg = Release|iPhone
		{5C7F7131-54CA-4CC7-B2C2-96126C4DA6C7}.Release|Any CPU.Build.0 = Release|iPhone
		{5C7F7131-54CA-4CC7-B2C2-96126C4DA6C7}.Release|Any CPU.Deploy.0 = Release|iPhone
		{5C7F7131-54CA-4CC7-B2C2-96126C4DA6C7}.Release|iPhone.ActiveCfg = Release|iPhone
		{5C7F7131-54CA-4CC7-B2C2-96126C4DA6C7}.Release|iPhone.Build.0 = Release|iPhone
		{5C7F7131-54CA-4CC7-B2C2-96126C4DA6C7}.Release|iPhone.Deploy.0 = Release|iPhone
		{5C7F7131-54CA-4CC7-B2C2-96126C4DA6C7}.Release|iPhoneSimulator.ActiveCfg = Release|iPhoneSimulator
		{5C7F7131-54CA-4CC7-B2C2-96126C4DA6C7}.Release|iPhoneSimulator.Build.0 = Release|iPhoneSimulator
		{5C7F7131-54CA-4CC7-B2C2-96126C4DA6C7}.Release|iPhoneSimulator.Deploy.0 = Release|iPhoneSimulator
		{AE7584BD-1620-4295-832E-8541948D2B4A}.Debug|Any CPU.ActiveCfg = Debug|Any CPU
		{AE7584BD-1620-4295-832E-8541948D2B4A}.Debug|Any CPU.Build.0 = Debug|Any CPU
		{AE7584BD-1620-4295-832E-8541948D2B4A}.Debug|Any CPU.Deploy.0 = Debug|Any CPU
		{AE7584BD-1620-4295-832E-8541948D2B4A}.Debug|iPhone.ActiveCfg = Debug|Any CPU
		{AE7584BD-1620-4295-832E-8541948D2B4A}.Debug|iPhone.Build.0 = Debug|Any CPU
		{AE7584BD-1620-4295-832E-8541948D2B4A}.Debug|iPhone.Deploy.0 = Debug|Any CPU
		{AE7584BD-1620-4295-832E-8541948D2B4A}.Debug|iPhoneSimulator.ActiveCfg = Debug|Any CPU
		{AE7584BD-1620-4295-832E-8541948D2B4A}.Debug|iPhoneSimulator.Build.0 = Debug|Any CPU
		{AE7584BD-1620-4295-832E-8541948D2B4A}.Debug|iPhoneSimulator.Deploy.0 = Debug|Any CPU
		{AE7584BD-1620-4295-832E-8541948D2B4A}.Release|Any CPU.ActiveCfg = Release|Any CPU
		{AE7584BD-1620-4295-832E-8541948D2B4A}.Release|Any CPU.Build.0 = Release|Any CPU
		{AE7584BD-1620-4295-832E-8541948D2B4A}.Release|Any CPU.Deploy.0 = Release|Any CPU
		{AE7584BD-1620-4295-832E-8541948D2B4A}.Release|iPhone.ActiveCfg = Release|Any CPU
		{AE7584BD-1620-4295-832E-8541948D2B4A}.Release|iPhone.Build.0 = Release|Any CPU
		{AE7584BD-1620-4295-832E-8541948D2B4A}.Release|iPhone.Deploy.0 = Release|Any CPU
		{AE7584BD-1620-4295-832E-8541948D2B4A}.Release|iPhoneSimulator.ActiveCfg = Release|Any CPU
		{AE7584BD-1620-4295-832E-8541948D2B4A}.Release|iPhoneSimulator.Build.0 = Release|Any CPU
		{AE7584BD-1620-4295-832E-8541948D2B4A}.Release|iPhoneSimulator.Deploy.0 = Release|Any CPU
	EndGlobalSection
	GlobalSection(SolutionProperties) = preSolution
		HideSolutionNode = FALSE
	EndGlobalSection
	GlobalSection(ExtensibilityGlobals) = postSolution
		SolutionGuid = {18BF8271-6F8D-4EFD-B4FB-683CCAABDFC1}
	EndGlobalSection
EndGlobal
